
Microsoft Visual Studio Solution File, Format Version 12.00
# Visual Studio 15
VisualStudioVersion = 15.0.28307.168
MinimumVisualStudioVersion = 10.0.40219.1
Project("{FAE04EC0-301F-11D3-BF4B-00C04F79EFBC}") = "Common", "Common\Common.csproj", "{B0310D8E-03AF-4108-9AC7-687A3E0241EE}"
EndProject
Project("{FAE04EC0-301F-11D3-BF4B-00C04F79EFBC}") = "Server", "Server\Server.csproj", "{9DC90C21-8D94-41D0-81C8-E445D73CFD21}"
EndProject
Project("{FAE04EC0-301F-11D3-BF4B-00C04F79EFBC}") = "Client", "Client\Client.csproj", "{74D15B97-D344-4838-936B-A137FD748123}"
EndProject
Global
	GlobalSection(SolutionConfigurationPlatforms) = preSolution
		Debug|Any CPU = Debug|Any CPU
		Release|Any CPU = Release|Any CPU
	EndGlobalSection
	GlobalSection(ProjectConfigurationPlatforms) = postSolution
		{B0310D8E-03AF-4108-9AC7-687A3E0241EE}.Debug|Any CPU.ActiveCfg = Debug|Any CPU
		{B0310D8E-03AF-4108-9AC7-687A3E0241EE}.Debug|Any CPU.Build.0 = Debug|Any CPU
		{B0310D8E-03AF-4108-9AC7-687A3E0241EE}.Release|Any CPU.ActiveCfg = Release|Any CPU
		{B0310D8E-03AF-4108-9AC7-687A3E0241EE}.Release|Any CPU.Build.0 = Release|Any CPU
		{9DC90C21-8D94-41D0-81C8-E445D73CFD21}.Debug|Any CPU.ActiveCfg = Debug|Any CPU
		{9DC90C21-8D94-41D0-81C8-E445D73CFD21}.Debug|Any CPU.Build.0 = Debug|Any CPU
		{9DC90C21-8D94-41D0-81C8-E445D73CFD21}.Release|Any CPU.ActiveCfg = Release|Any CPU
		{9DC90C21-8D94-41D0-81C8-E445D73CFD21}.Release|Any CPU.Build.0 = Release|Any CPU
		{74D15B97-D344-4838-936B-A137FD748123}.Debug|Any CPU.ActiveCfg = Debug|Any CPU
		{74D15B97-D344-4838-936B-A137FD748123}.Debug|Any CPU.Build.0 = Debug|Any CPU
		{74D15B97-D344-4838-936B-A137FD748123}.Release|Any CPU.ActiveCfg = Release|Any CPU
		{74D15B97-D344-4838-936B-A137FD748123}.Release|Any CPU.Build.0 = Release|Any CPU
	EndGlobalSection
	GlobalSection(SolutionProperties) = preSolution
		HideSolutionNode = FALSE
	EndGlobalSection
	GlobalSection(ExtensibilityGlobals) = postSolution
		SolutionGuid = {1068CF4C-7C10-446A-8B33-23057C417A65}
	EndGlobalSection
EndGlobal
